
Microsoft Visual Studio Solution File, Format Version 12.00
# Visual Studio Version 17
VisualStudioVersion = 17.5.002.0
MinimumVisualStudioVersion = 10.0.40219.1
Project("{9A19103F-16F7-4668-BE54-9A1E7A4F7556}") = "az204-cosmos", "az204-cosmos\az204-cosmos.csproj", "{CDCF6A19-B84C-4E81-B18A-55134A9E33C6}"
EndProject
Global
	GlobalSection(SolutionConfigurationPlatforms) = preSolution
		Debug|Any CPU = Debug|Any CPU
		Release|Any CPU = Release|Any CPU
	EndGlobalSection
	GlobalSection(ProjectConfigurationPlatforms) = postSolution
		{CDCF6A19-B84C-4E81-B18A-55134A9E33C6}.Debug|Any CPU.ActiveCfg = Debug|Any CPU
		{CDCF6A19-B84C-4E81-B18A-55134A9E33C6}.Debug|Any CPU.Build.0 = Debug|Any CPU
		{CDCF6A19-B84C-4E81-B18A-55134A9E33C6}.Release|Any CPU.ActiveCfg = Release|Any CPU
		{CDCF6A19-B84C-4E81-B18A-55134A9E33C6}.Release|Any CPU.Build.0 = Release|Any CPU
	EndGlobalSection
	GlobalSection(SolutionProperties) = preSolution
		HideSolutionNode = FALSE
	EndGlobalSection
	GlobalSection(ExtensibilityGlobals) = postSolution
		SolutionGuid = {1627D8AE-4C6D-4F2B-9819-ACB790AD72AE}
	EndGlobalSection
EndGlobal
